Microsoft Visual Studio Solution File, Format Version 12.00
# Visual Studio Version 16
VisualStudioVersion = 16.0.29418.71
MinimumVisualStudioVersion = 10.0.40219.1
Project("{9A19103F-16F7-4668-BE54-9A1E7A4F7556}") = "Parking.Mqtt.Api", "Mqtt\Parking.Mqtt.Api\Parking.Mqtt.Api.csproj", "{D2138B15-FAE2-4EC7-8FD0-34358FE6E4FF}"
EndProject
Project("{9A19103F-16F7-4668-BE54-9A1E7A4F7556}") = "Parking.Api", "Api\Parking.Api\Parking.Api.csproj", "{26DCB936-4B24-496B-B9D1-82F626AB9207}"
EndProject
Project("{9A19103F-16F7-4668-BE54-9A1E7A4F7556}") = "Parking.Core", "Api\Parking.Core\Parking.Core.csproj", "{2C7608EC-AAB4-4E6E-A623-7A8E6B9B1D87}"
EndProject
Project("{2150E333-8FDC-42A3-9474-1A3956D46DE8}") = "Mqtt", "Mqtt", "{00555AB6-2792-4524-A065-C0F7DFC6E6B0}"
EndProject
Project("{9A19103F-16F7-4668-BE54-9A1E7A4F7556}") = "Parking.Mqtt.Core", "Mqtt\Parking.Mqtt.Core\Parking.Mqtt.Core.csproj", "{557D65B8-DA55-4F43-BE4C-5605D95B1FD8}"
EndProject
Project("{2150E333-8FDC-42A3-9474-1A3956D46DE8}") = "Api", "Api", "{0BB67A8B-4159-4F56-B24B-C1AAE70FA132}"
EndProject
Project("{9A19103F-16F7-4668-BE54-9A1E7A4F7556}") = "Parking.Mqtt.Infrastructure", "Mqtt\Parking.Mqtt.Infrastructure\Parking.Mqtt.Infrastructure.csproj", "{2ECBA55C-85AC-4C21-9E15-7BA40318A7D7}"
EndProject
Project("{2150E333-8FDC-42A3-9474-1A3956D46DE8}") = "Solution Items", "Solution Items", "{71F2EC10-3B41-4C86-8A8F-A2EE5404AD28}"
	ProjectSection(SolutionItems) = preProject
		.editorconfig = .editorconfig
	EndProjectSection
EndProject
Project("{2150E333-8FDC-42A3-9474-1A3956D46DE8}") = "Tests", "Tests", "{B70E699A-F646-4A12-B4C2-433BF10022F4}"
EndProject
Project("{9A19103F-16F7-4668-BE54-9A1E7A4F7556}") = "Parking.Mqtt.Api.UnitTests", "Mqtt\Tests\Parking.Mqtt.Api.UnitTests\Parking.Mqtt.Api.UnitTests.csproj", "{71BB6DCC-DCE4-4E4A-9047-649D6BCA51D8}"
EndProject
Project("{9A19103F-16F7-4668-BE54-9A1E7A4F7556}") = "Parking.Mqtt.Core.UnitTests", "Mqtt\Tests\Parking.Mqtt.Core.UnitTests\Parking.Mqtt.Core.UnitTests.csproj", "{430FC3F3-7BFE-4912-965A-8BA98AF39FB3}"
EndProject
Project("{2150E333-8FDC-42A3-9474-1A3956D46DE8}") = "Tests", "Tests", "{32F957AC-652E-4658-B02F-888C1FC4D9B0}"
EndProject
Project("{9A19103F-16F7-4668-BE54-9A1E7A4F7556}") = "Parking.Core.UnitTests", "Api\Tests\Parking.Core.UnitTests\Parking.Core.UnitTests.csproj", "{7B731A21-A961-477D-BE67-AEA392ED5553}"
EndProject
Project("{9A19103F-16F7-4668-BE54-9A1E7A4F7556}") = "Parking.Infrastructure", "Api\Parking.Infrastructure\Parking.Infrastructure.csproj", "{4AC31005-9FF8-4CFF-9BB6-55D786BDCC85}"
EndProject
Project("{9A19103F-16F7-4668-BE54-9A1E7A4F7556}") = "Parking.Api.UnitTests", "Api\Tests\Parking.Api.UnitTests\Parking.Api.UnitTests.csproj", "{E6398463-1DF4-4881-A15B-113E4189D191}"
EndProject
Project("{9A19103F-16F7-4668-BE54-9A1E7A4F7556}") = "Parking.DatabaseMigrations", "Parking.DatabaseMigrations\Parking.DatabaseMigrations.csproj", "{49A3CF24-7E9D-447E-8D7F-775C73D9AB4B}"
EndProject
Global
	GlobalSection(SolutionConfigurationPlatforms) = preSolution
		Debug|Any CPU = Debug|Any CPU
		Release|Any CPU = Release|Any CPU
	EndGlobalSection
	GlobalSection(ProjectConfigurationPlatforms) = postSolution
		{D2138B15-FAE2-4EC7-8FD0-34358FE6E4FF}.Debug|Any CPU.ActiveCfg = Debug|Any CPU
		{D2138B15-FAE2-4EC7-8FD0-34358FE6E4FF}.Debug|Any CPU.Build.0 = Debug|Any CPU
		{D2138B15-FAE2-4EC7-8FD0-34358FE6E4FF}.Release|Any CPU.ActiveCfg = Release|Any CPU
		{D2138B15-FAE2-4EC7-8FD0-34358FE6E4FF}.Release|Any CPU.Build.0 = Release|Any CPU
		{26DCB936-4B24-496B-B9D1-82F626AB9207}.Debug|Any CPU.ActiveCfg = Debug|Any CPU
		{26DCB936-4B24-496B-B9D1-82F626AB9207}.Debug|Any CPU.Build.0 = Debug|Any CPU
		{26DCB936-4B24-496B-B9D1-82F626AB9207}.Release|Any CPU.ActiveCfg = Release|Any CPU
		{26DCB936-4B24-496B-B9D1-82F626AB9207}.Release|Any CPU.Build.0 = Release|Any CPU
		{2C7608EC-AAB4-4E6E-A623-7A8E6B9B1D87}.Debug|Any CPU.ActiveCfg = Debug|Any CPU
		{2C7608EC-AAB4-4E6E-A623-7A8E6B9B1D87}.Debug|Any CPU.Build.0 = Debug|Any CPU
		{2C7608EC-AAB4-4E6E-A623-7A8E6B9B1D87}.Release|Any CPU.ActiveCfg = Release|Any CPU
		{2C7608EC-AAB4-4E6E-A623-7A8E6B9B1D87}.Release|Any CPU.Build.0 = Release|Any CPU
		{557D65B8-DA55-4F43-BE4C-5605D95B1FD8}.Debug|Any CPU.ActiveCfg = Debug|Any CPU
		{557D65B8-DA55-4F43-BE4C-5605D95B1FD8}.Debug|Any CPU.Build.0 = Debug|Any CPU
		{557D65B8-DA55-4F43-BE4C-5605D95B1FD8}.Release|Any CPU.ActiveCfg = Release|Any CPU
		{557D65B8-DA55-4F43-BE4C-5605D95B1FD8}.Release|Any CPU.Build.0 = Release|Any CPU
		{2ECBA55C-85AC-4C21-9E15-7BA40318A7D7}.Debug|Any CPU.ActiveCfg = Debug|Any CPU
		{2ECBA55C-85AC-4C21-9E15-7BA40318A7D7}.Debug|Any CPU.Build.0 = Debug|Any CPU
		{2ECBA55C-85AC-4C21-9E15-7BA40318A7D7}.Release|Any CPU.ActiveCfg = Release|Any CPU
		{2ECBA55C-85AC-4C21-9E15-7BA40318A7D7}.Release|Any CPU.Build.0 = Release|Any CPU
		{71BB6DCC-DCE4-4E4A-9047-649D6BCA51D8}.Debug|Any CPU.ActiveCfg = Debug|Any CPU
		{71BB6DCC-DCE4-4E4A-9047-649D6BCA51D8}.Debug|Any CPU.Build.0 = Debug|Any CPU
		{71BB6DCC-DCE4-4E4A-9047-649D6BCA51D8}.Release|Any CPU.ActiveCfg = Release|Any CPU
		{71BB6DCC-DCE4-4E4A-9047-649D6BCA51D8}.Release|Any CPU.Build.0 = Release|Any CPU
		{430FC3F3-7BFE-4912-965A-8BA98AF39FB3}.Debug|Any CPU.ActiveCfg = Debug|Any CPU
		{430FC3F3-7BFE-4912-965A-8BA98AF39FB3}.Debug|Any CPU.Build.0 = Debug|Any CPU
		{430FC3F3-7BFE-4912-965A-8BA98AF39FB3}.Release|Any CPU.ActiveCfg = Release|Any CPU
		{430FC3F3-7BFE-4912-965A-8BA98AF39FB3}.Release|Any CPU.Build.0 = Release|Any CPU
		{7B731A21-A961-477D-BE67-AEA392ED5553}.Debug|Any CPU.ActiveCfg = Debug|Any CPU
		{7B731A21-A961-477D-BE67-AEA392ED5553}.Debug|Any CPU.Build.0 = Debug|Any CPU
		{7B731A21-A961-477D-BE67-AEA392ED5553}.Release|Any CPU.ActiveCfg = Release|Any CPU
		{7B731A21-A961-477D-BE67-AEA392ED5553}.Release|Any CPU.Build.0 = Release|Any CPU
		{4AC31005-9FF8-4CFF-9BB6-55D786BDCC85}.Debug|Any CPU.ActiveCfg = Debug|Any CPU
		{4AC31005-9FF8-4CFF-9BB6-55D786BDCC85}.Debug|Any CPU.Build.0 = Debug|Any CPU
		{4AC31005-9FF8-4CFF-9BB6-55D786BDCC85}.Release|Any CPU.ActiveCfg = Release|Any CPU
		{4AC31005-9FF8-4CFF-9BB6-55D786BDCC85}.Release|Any CPU.Build.0 = Release|Any CPU
		{E6398463-1DF4-4881-A15B-113E4189D191}.Debug|Any CPU.ActiveCfg = Debug|Any CPU
		{E6398463-1DF4-4881-A15B-113E4189D191}.Debug|Any CPU.Build.0 = Debug|Any CPU
		{E6398463-1DF4-4881-A15B-113E4189D191}.Release|Any CPU.ActiveCfg = Release|Any CPU
		{E6398463-1DF4-4881-A15B-113E4189D191}.Release|Any CPU.Build.0 = Release|Any CPU
		{49A3CF24-7E9D-447E-8D7F-775C73D9AB4B}.Debug|Any CPU.ActiveCfg = Debug|Any CPU
		{49A3CF24-7E9D-447E-8D7F-775C73D9AB4B}.Debug|Any CPU.Build.0 = Debug|Any CPU
		{49A3CF24-7E9D-447E-8D7F-775C73D9AB4B}.Release|Any CPU.ActiveCfg = Release|Any CPU
		{49A3CF24-7E9D-447E-8D7F-775C73D9AB4B}.Release|Any CPU.Build.0 = Release|Any CPU
	EndGlobalSection
	GlobalSection(SolutionProperties) = preSolution
		HideSolutionNode = FALSE
	EndGlobalSection
	GlobalSection(NestedProjects) = preSolution
		{D2138B15-FAE2-4EC7-8FD0-34358FE6E4FF} = {00555AB6-2792-4524-A065-C0F7DFC6E6B0}
		{26DCB936-4B24-496B-B9D1-82F626AB9207} = {0BB67A8B-4159-4F56-B24B-C1AAE70FA132}
		{2C7608EC-AAB4-4E6E-A623-7A8E6B9B1D87} = {0BB67A8B-4159-4F56-B24B-C1AAE70FA132}
		{557D65B8-DA55-4F43-BE4C-5605D95B1FD8} = {00555AB6-2792-4524-A065-C0F7DFC6E6B0}
		{2ECBA55C-85AC-4C21-9E15-7BA40318A7D7} = {00555AB6-2792-4524-A065-C0F7DFC6E6B0}
		{B70E699A-F646-4A12-B4C2-433BF10022F4} = {00555AB6-2792-4524-A065-C0F7DFC6E6B0}
		{71BB6DCC-DCE4-4E4A-9047-649D6BCA51D8} = {B70E699A-F646-4A12-B4C2-433BF10022F4}
		{430FC3F3-7BFE-4912-965A-8BA98AF39FB3} = {B70E699A-F646-4A12-B4C2-433BF10022F4}
		{32F957AC-652E-4658-B02F-888C1FC4D9B0} = {0BB67A8B-4159-4F56-B24B-C1AAE70FA132}
		{7B731A21-A961-477D-BE67-AEA392ED5553} = {32F957AC-652E-4658-B02F-888C1FC4D9B0}
		{4AC31005-9FF8-4CFF-9BB6-55D786BDCC85} = {0BB67A8B-4159-4F56-B24B-C1AAE70FA132}
		{E6398463-1DF4-4881-A15B-113E4189D191} = {32F957AC-652E-4658-B02F-888C1FC4D9B0}
	EndGlobalSection
	GlobalSection(ExtensibilityGlobals) = postSolution
		SolutionGuid = {1C7E35B9-DCF1-4F50-9BAA-DF7B5B27C5F5}
	EndGlobalSection
EndGlobal
