
Microsoft Visual Studio Solution File, Format Version 12.00
# Visual Studio Version 16
VisualStudioVersion = 16.0.29418.71
MinimumVisualStudioVersion = 10.0.40219.1
Project("{9A19103F-16F7-4668-BE54-9A1E7A4F7556}") = "ParkingService", "ParkingService\ParkingService.csproj", "{035FB829-EC3A-427A-949E-0D8B2297ACEC}"
EndProject
Project("{9A19103F-16F7-4668-BE54-9A1E7A4F7556}") = "Parking.Communication.Mqtt", "Parking.Communication.Mqtt\Parking.Communication.Mqtt.csproj", "{6A20E37D-BED9-4C26-AF2C-883C3878430A}"
EndProject
Project("{FAE04EC0-301F-11D3-BF4B-00C04F79EFBC}") = "Parking.Models", "Parking.Models\Parking.Models.csproj", "{6C6A2894-BE78-4FCA-B4DC-E6011DBBBEFD}"
EndProject
Global
	GlobalSection(SolutionConfigurationPlatforms) = preSolution
		Debug|Any CPU = Debug|Any CPU
		Release|Any CPU = Release|Any CPU
	EndGlobalSection
	GlobalSection(ProjectConfigurationPlatforms) = postSolution
		{035FB829-EC3A-427A-949E-0D8B2297ACEC}.Debug|Any CPU.ActiveCfg = Debug|Any CPU
		{035FB829-EC3A-427A-949E-0D8B2297ACEC}.Debug|Any CPU.Build.0 = Debug|Any CPU
		{035FB829-EC3A-427A-949E-0D8B2297ACEC}.Release|Any CPU.ActiveCfg = Release|Any CPU
		{035FB829-EC3A-427A-949E-0D8B2297ACEC}.Release|Any CPU.Build.0 = Release|Any CPU
		{6A20E37D-BED9-4C26-AF2C-883C3878430A}.Debug|Any CPU.ActiveCfg = Debug|Any CPU
		{6A20E37D-BED9-4C26-AF2C-883C3878430A}.Debug|Any CPU.Build.0 = Debug|Any CPU
		{6A20E37D-BED9-4C26-AF2C-883C3878430A}.Release|Any CPU.ActiveCfg = Release|Any CPU
		{6A20E37D-BED9-4C26-AF2C-883C3878430A}.Release|Any CPU.Build.0 = Release|Any CPU
		{6C6A2894-BE78-4FCA-B4DC-E6011DBBBEFD}.Debug|Any CPU.ActiveCfg = Debug|Any CPU
		{6C6A2894-BE78-4FCA-B4DC-E6011DBBBEFD}.Debug|Any CPU.Build.0 = Debug|Any CPU
		{6C6A2894-BE78-4FCA-B4DC-E6011DBBBEFD}.Release|Any CPU.ActiveCfg = Release|Any CPU
		{6C6A2894-BE78-4FCA-B4DC-E6011DBBBEFD}.Release|Any CPU.Build.0 = Release|Any CPU
	EndGlobalSection
	GlobalSection(SolutionProperties) = preSolution
		HideSolutionNode = FALSE
	EndGlobalSection
	GlobalSection(ExtensibilityGlobals) = postSolution
		SolutionGuid = {1C7E35B9-DCF1-4F50-9BAA-DF7B5B27C5F5}
	EndGlobalSection
EndGlobal
